// !$*UTF8*$!
{
	archiveVersion = 1;
	classes = {
	};
	objectVersion = 56;
	objects = {

/* Begin PBXBuildFile section */
		DD600D2E2C5D30090044B068 /* MamTeApp.swift in Sources */ = {isa = PBXBuildFile; fileRef = DD600D2D2C5D30090044B068 /* MamTeApp.swift */; };
		DD600D302C5D30090044B068 /* ContentView.swift in Sources */ = {isa = PBXBuildFile; fileRef = DD600D2F2C5D30090044B068 /* ContentView.swift */; };
		DD600D322C5D30090044B068 /* Item.swift in Sources */ = {isa = PBXBuildFile; fileRef = DD600D312C5D30090044B068 /* Item.swift */; };
		DD600D342C5D30090044B068 /* Assets.xcassets in Resources */ = {isa = PBXBuildFile; fileRef = DD600D332C5D30090044B068 /* Assets.xcassets */; };
		DD600D372C5D30090044B068 /* Preview Assets.xcassets in Resources */ = {isa = PBXBuildFile; fileRef = DD600D362C5D30090044B068 /* Preview Assets.xcassets */; };
		DD600D3E2C5D36620044B068 /* EventView.swift in Sources */ = {isa = PBXBuildFile; fileRef = DD600D3D2C5D36620044B068 /* EventView.swift */; };
		DD600D402C5D36CD0044B068 /* EventsView.swift in Sources */ = {isa = PBXBuildFile; fileRef = DD600D3F2C5D36CD0044B068 /* EventsView.swift */; };
		DD600D442C5D3A120044B068 /* Event.swift in Sources */ = {isa = PBXBuildFile; fileRef = DD600D432C5D3A120044B068 /* Event.swift */; };
		DD600D462C5D3C350044B068 /* Color.swift in Sources */ = {isa = PBXBuildFile; fileRef = DD600D452C5D3C350044B068 /* Color.swift */; };
		DD600D4A2C5D48E10044B068 /* ChatView.swift in Sources */ = {isa = PBXBuildFile; fileRef = DD600D492C5D48E10044B068 /* ChatView.swift */; };
		DD600D4C2C5D48EA0044B068 /* ChatsView.swift in Sources */ = {isa = PBXBuildFile; fileRef = DD600D4B2C5D48EA0044B068 /* ChatsView.swift */; };
		DD600D4E2C5D4A1C0044B068 /* Chat.swift in Sources */ = {isa = PBXBuildFile; fileRef = DD600D4D2C5D4A1C0044B068 /* Chat.swift */; };
		DD600D522C5D4A450044B068 /* User.swift in Sources */ = {isa = PBXBuildFile; fileRef = DD600D512C5D4A450044B068 /* User.swift */; };
		DD600D542C5D4A9F0044B068 /* UserTag.swift in Sources */ = {isa = PBXBuildFile; fileRef = DD600D532C5D4A9F0044B068 /* UserTag.swift */; };
		DD600D562C5D71A20044B068 /* Message.swift in Sources */ = {isa = PBXBuildFile; fileRef = DD600D552C5D71A20044B068 /* Message.swift */; };
		DD600D592C5D762B0044B068 /* ConnectionView.swift in Sources */ = {isa = PBXBuildFile; fileRef = DD600D582C5D762B0044B068 /* ConnectionView.swift */; };
		DD600D5B2C5D76360044B068 /* ConnectionsView.swift in Sources */ = {isa = PBXBuildFile; fileRef = DD600D5A2C5D76360044B068 /* ConnectionsView.swift */; };
/* End PBXBuildFile section */

/* Begin PBXFileReference section */
		DD600D2A2C5D30090044B068 /* MamTe.app */ = {isa = PBXFileReference; explicitFileType = wrapper.application; includeInIndex = 0; path = MamTe.app; sourceTree = BUILT_PRODUCTS_DIR; };
		DD600D2D2C5D30090044B068 /* MamTeApp.swift */ = {isa = PBXFileReference; lastKnownFileType = sourcecode.swift; path = MamTeApp.swift; sourceTree = "<group>"; };
		DD600D2F2C5D30090044B068 /* ContentView.swift */ = {isa = PBXFileReference; lastKnownFileType = sourcecode.swift; path = ContentView.swift; sourceTree = "<group>"; };
		DD600D312C5D30090044B068 /* Item.swift */ = {isa = PBXFileReference; lastKnownFileType = sourcecode.swift; path = Item.swift; sourceTree = "<group>"; };
		DD600D332C5D30090044B068 /* Assets.xcassets */ = {isa = PBXFileReference; lastKnownFileType = folder.assetcatalog; path = Assets.xcassets; sourceTree = "<group>"; };
		DD600D362C5D30090044B068 /* Preview Assets.xcassets */ = {isa = PBXFileReference; lastKnownFileType = folder.assetcatalog; path = "Preview Assets.xcassets"; sourceTree = "<group>"; };
		DD600D3D2C5D36620044B068 /* EventView.swift */ = {isa = PBXFileReference; lastKnownFileType = sourcecode.swift; path = EventView.swift; sourceTree = "<group>"; };
		DD600D3F2C5D36CD0044B068 /* EventsView.swift */ = {isa = PBXFileReference; lastKnownFileType = sourcecode.swift; path = EventsView.swift; sourceTree = "<group>"; };
		DD600D432C5D3A120044B068 /* Event.swift */ = {isa = PBXFileReference; lastKnownFileType = sourcecode.swift; path = Event.swift; sourceTree = "<group>"; };
		DD600D452C5D3C350044B068 /* Color.swift */ = {isa = PBXFileReference; lastKnownFileType = sourcecode.swift; path = Color.swift; sourceTree = "<group>"; };
		DD600D492C5D48E10044B068 /* ChatView.swift */ = {isa = PBXFileReference; lastKnownFileType = sourcecode.swift; path = ChatView.swift; sourceTree = "<group>"; };
		DD600D4B2C5D48EA0044B068 /* ChatsView.swift */ = {isa = PBXFileReference; lastKnownFileType = sourcecode.swift; path = ChatsView.swift; sourceTree = "<group>"; };
		DD600D4D2C5D4A1C0044B068 /* Chat.swift */ = {isa = PBXFileReference; lastKnownFileType = sourcecode.swift; path = Chat.swift; sourceTree = "<group>"; };
		DD600D512C5D4A450044B068 /* User.swift */ = {isa = PBXFileReference; lastKnownFileType = sourcecode.swift; path = User.swift; sourceTree = "<group>"; };
		DD600D532C5D4A9F0044B068 /* UserTag.swift */ = {isa = PBXFileReference; lastKnownFileType = sourcecode.swift; path = UserTag.swift; sourceTree = "<group>"; };
		DD600D552C5D71A20044B068 /* Message.swift */ = {isa = PBXFileReference; lastKnownFileType = sourcecode.swift; path = Message.swift; sourceTree = "<group>"; };
		DD600D582C5D762B0044B068 /* ConnectionView.swift */ = {isa = PBXFileReference; lastKnownFileType = sourcecode.swift; path = ConnectionView.swift; sourceTree = "<group>"; };
		DD600D5A2C5D76360044B068 /* ConnectionsView.swift */ = {isa = PBXFileReference; lastKnownFileType = sourcecode.swift; path = ConnectionsView.swift; sourceTree = "<group>"; };
/* End PBXFileReference section */

/* Begin PBXFrameworksBuildPhase section */
		DD600D272C5D30090044B068 /* Frameworks */ = {
			isa = PBXFrameworksBuildPhase;
			buildActionMask = 2147483647;
			files = (
			);
			runOnlyForDeploymentPostprocessing = 0;
		};
/* End PBXFrameworksBuildPhase section */

/* Begin PBXGroup section */
		DD600D212C5D30090044B068 = {
			isa = PBXGroup;
			children = (
				DD600D2C2C5D30090044B068 /* MamTe */,
				DD600D2B2C5D30090044B068 /* Products */,
			);
			sourceTree = "<group>";
		};
		DD600D2B2C5D30090044B068 /* Products */ = {
			isa = PBXGroup;
			children = (
				DD600D2A2C5D30090044B068 /* MamTe.app */,
			);
			name = Products;
			sourceTree = "<group>";
		};
		DD600D2C2C5D30090044B068 /* MamTe */ = {
			isa = PBXGroup;
			children = (
				DD600D422C5D39F60044B068 /* View */,
				DD600D412C5D39D60044B068 /* DomainObject */,
				DD600D2D2C5D30090044B068 /* MamTeApp.swift */,
				DD600D2F2C5D30090044B068 /* ContentView.swift */,
				DD600D312C5D30090044B068 /* Item.swift */,
				DD600D332C5D30090044B068 /* Assets.xcassets */,
				DD600D352C5D30090044B068 /* Preview Content */,
				DD600D452C5D3C350044B068 /* Color.swift */,
			);
			path = MamTe;
			sourceTree = "<group>";
		};
		DD600D352C5D30090044B068 /* Preview Content */ = {
			isa = PBXGroup;
			children = (
				DD600D362C5D30090044B068 /* Preview Assets.xcassets */,
			);
			path = "Preview Content";
			sourceTree = "<group>";
		};
		DD600D412C5D39D60044B068 /* DomainObject */ = {
			isa = PBXGroup;
			children = (
				DD600D432C5D3A120044B068 /* Event.swift */,
				DD600D4D2C5D4A1C0044B068 /* Chat.swift */,
				DD600D512C5D4A450044B068 /* User.swift */,
				DD600D532C5D4A9F0044B068 /* UserTag.swift */,
				DD600D552C5D71A20044B068 /* Message.swift */,
			);
			path = DomainObject;
			sourceTree = "<group>";
		};
		DD600D422C5D39F60044B068 /* View */ = {
			isa = PBXGroup;
			children = (
				DD600D572C5D76050044B068 /* Connection */,
				DD600D482C5D48C10044B068 /* Chat */,
				DD600D472C5D48AD0044B068 /* Event */,
			);
			path = View;
			sourceTree = "<group>";
		};
		DD600D472C5D48AD0044B068 /* Event */ = {
			isa = PBXGroup;
			children = (
				DD600D3D2C5D36620044B068 /* EventView.swift */,
				DD600D3F2C5D36CD0044B068 /* EventsView.swift */,
			);
			path = Event;
			sourceTree = "<group>";
		};
		DD600D482C5D48C10044B068 /* Chat */ = {
			isa = PBXGroup;
			children = (
				DD600D492C5D48E10044B068 /* ChatView.swift */,
				DD600D4B2C5D48EA0044B068 /* ChatsView.swift */,
			);
			path = Chat;
			sourceTree = "<group>";
		};
		DD600D572C5D76050044B068 /* Connection */ = {
			isa = PBXGroup;
			children = (
				DD600D582C5D762B0044B068 /* ConnectionView.swift */,
				DD600D5A2C5D76360044B068 /* ConnectionsView.swift */,
			);
			path = Connection;
			sourceTree = "<group>";
		};
/* End PBXGroup section */

/* Begin PBXNativeTarget section */
		DD600D292C5D30090044B068 /* MamTe */ = {
			isa = PBXNativeTarget;
			buildConfigurationList = DD600D3A2C5D30090044B068 /* Build configuration list for PBXNativeTarget "MamTe" */;
			buildPhases = (
				DD600D262C5D30090044B068 /* Sources */,
				DD600D272C5D30090044B068 /* Frameworks */,
				DD600D282C5D30090044B068 /* Resources */,
			);
			buildRules = (
			);
			dependencies = (
			);
			name = MamTe;
			productName = MamTe;
			productReference = DD600D2A2C5D30090044B068 /* MamTe.app */;
			productType = "com.apple.product-type.application";
		};
/* End PBXNativeTarget section */

/* Begin PBXProject section */
		DD600D222C5D30090044B068 /* Project object */ = {
			isa = PBXProject;
			attributes = {
				BuildIndependentTargetsInParallel = 1;
				LastSwiftUpdateCheck = 1540;
				LastUpgradeCheck = 1540;
				TargetAttributes = {
					DD600D292C5D30090044B068 = {
						CreatedOnToolsVersion = 15.4;
					};
				};
			};
			buildConfigurationList = DD600D252C5D30090044B068 /* Build configuration list for PBXProject "MamTe" */;
			compatibilityVersion = "Xcode 14.0";
			developmentRegion = en;
			hasScannedForEncodings = 0;
			knownRegions = (
				en,
				Base,
			);
			mainGroup = DD600D212C5D30090044B068;
			productRefGroup = DD600D2B2C5D30090044B068 /* Products */;
			projectDirPath = "";
			projectRoot = "";
			targets = (
				DD600D292C5D30090044B068 /* MamTe */,
			);
		};
/* End PBXProject section */

/* Begin PBXResourcesBuildPhase section */
		DD600D282C5D30090044B068 /* Resources */ = {
			isa = PBXResourcesBuildPhase;
			buildActionMask = 2147483647;
			files = (
				DD600D372C5D30090044B068 /* Preview Assets.xcassets in Resources */,
				DD600D342C5D30090044B068 /* Assets.xcassets in Resources */,
			);
			runOnlyForDeploymentPostprocessing = 0;
		};
/* End PBXResourcesBuildPhase section */

/* Begin PBXSourcesBuildPhase section */
		DD600D262C5D30090044B068 /* Sources */ = {
			isa = PBXSourcesBuildPhase;
			buildActionMask = 2147483647;
			files = (
				DD600D302C5D30090044B068 /* ContentView.swift in Sources */,
				DD600D402C5D36CD0044B068 /* EventsView.swift in Sources */,
				DD600D4C2C5D48EA0044B068 /* ChatsView.swift in Sources */,
				DD600D4E2C5D4A1C0044B068 /* Chat.swift in Sources */,
				DD600D462C5D3C350044B068 /* Color.swift in Sources */,
				DD600D322C5D30090044B068 /* Item.swift in Sources */,
				DD600D4A2C5D48E10044B068 /* ChatView.swift in Sources */,
				DD600D542C5D4A9F0044B068 /* UserTag.swift in Sources */,
				DD600D2E2C5D30090044B068 /* MamTeApp.swift in Sources */,
				DD600D562C5D71A20044B068 /* Message.swift in Sources */,
				DD600D592C5D762B0044B068 /* ConnectionView.swift in Sources */,
				DD600D442C5D3A120044B068 /* Event.swift in Sources */,
				DD600D5B2C5D76360044B068 /* ConnectionsView.swift in Sources */,
				DD600D3E2C5D36620044B068 /* EventView.swift in Sources */,
				DD600D522C5D4A450044B068 /* User.swift in Sources */,
			);
			runOnlyForDeploymentPostprocessing = 0;
		};
/* End PBXSourcesBuildPhase section */

/* Begin XCBuildConfiguration section */
		DD600D382C5D30090044B068 /* Debug */ = {
			isa = XCBuildConfiguration;
			buildSettings = {
				ALWAYS_SEARCH_USER_PATHS = NO;
				ASSETCATALOG_COMPILER_GENERATE_SWIFT_ASSET_SYMBOL_EXTENSIONS = YES;
				CLANG_ANALYZER_NONNULL = YES;
				CLANG_ANALYZER_NUMBER_OBJECT_CONVERSION = YES_AGGRESSIVE;
				CLANG_CXX_LANGUAGE_STANDARD = "gnu++20";
				CLANG_ENABLE_MODULES = YES;
				CLANG_ENABLE_OBJC_ARC = YES;
				CLANG_ENABLE_OBJC_WEAK = YES;
				CLANG_WARN_BLOCK_CAPTURE_AUTORELEASING = YES;
				CLANG_WARN_BOOL_CONVERSION = YES;
				CLANG_WARN_COMMA = YES;
				CLANG_WARN_CONSTANT_CONVERSION = YES;
				CLANG_WARN_DEPRECATED_OBJC_IMPLEMENTATIONS = YES;
				CLANG_WARN_DIRECT_OBJC_ISA_USAGE = YES_ERROR;
				CLANG_WARN_DOCUMENTATION_COMMENTS = YES;
				CLANG_WARN_EMPTY_BODY = YES;
				CLANG_WARN_ENUM_CONVERSION = YES;
				CLANG_WARN_INFINITE_RECURSION = YES;
				CLANG_WARN_INT_CONVERSION = YES;
				CLANG_WARN_NON_LITERAL_NULL_CONVERSION = YES;
				CLANG_WARN_OBJC_IMPLICIT_RETAIN_SELF = YES;
				CLANG_WARN_OBJC_LITERAL_CONVERSION = YES;
				CLANG_WARN_OBJC_ROOT_CLASS = YES_ERROR;
				CLANG_WARN_QUOTED_INCLUDE_IN_FRAMEWORK_HEADER = YES;
				CLANG_WARN_RANGE_LOOP_ANALYSIS = YES;
				CLANG_WARN_STRICT_PROTOTYPES = YES;
				CLANG_WARN_SUSPICIOUS_MOVE = YES;
				CLANG_WARN_UNGUARDED_AVAILABILITY = YES_AGGRESSIVE;
				CLANG_WARN_UNREACHABLE_CODE = YES;
				CLANG_WARN__DUPLICATE_METHOD_MATCH = YES;
				COPY_PHASE_STRIP = NO;
				DEBUG_INFORMATION_FORMAT = dwarf;
				ENABLE_STRICT_OBJC_MSGSEND = YES;
				ENABLE_TESTABILITY = YES;
				ENABLE_USER_SCRIPT_SANDBOXING = YES;
				GCC_C_LANGUAGE_STANDARD = gnu17;
				GCC_DYNAMIC_NO_PIC = NO;
				GCC_NO_COMMON_BLOCKS = YES;
				GCC_OPTIMIZATION_LEVEL = 0;
				GCC_PREPROCESSOR_DEFINITIONS = (
					"DEBUG=1",
					"$(inherited)",
				);
				GCC_WARN_64_TO_32_BIT_CONVERSION = YES;
				GCC_WARN_ABOUT_RETURN_TYPE = YES_ERROR;
				GCC_WARN_UNDECLARED_SELECTOR = YES;
				GCC_WARN_UNINITIALIZED_AUTOS = YES_AGGRESSIVE;
				GCC_WARN_UNUSED_FUNCTION = YES;
				GCC_WARN_UNUSED_VARIABLE = YES;
				IPHONEOS_DEPLOYMENT_TARGET = 17.5;
				LOCALIZATION_PREFERS_STRING_CATALOGS = YES;
				MTL_ENABLE_DEBUG_INFO = INCLUDE_SOURCE;
				MTL_FAST_MATH = YES;
				ONLY_ACTIVE_ARCH = YES;
				SDKROOT = iphoneos;
				SWIFT_ACTIVE_COMPILATION_CONDITIONS = "DEBUG $(inherited)";
				SWIFT_OPTIMIZATION_LEVEL = "-Onone";
			};
			name = Debug;
		};
		DD600D392C5D30090044B068 /* Release */ = {
			isa = XCBuildConfiguration;
			buildSettings = {
				ALWAYS_SEARCH_USER_PATHS = NO;
				ASSETCATALOG_COMPILER_GENERATE_SWIFT_ASSET_SYMBOL_EXTENSIONS = YES;
				CLANG_ANALYZER_NONNULL = YES;
				CLANG_ANALYZER_NUMBER_OBJECT_CONVERSION = YES_AGGRESSIVE;
				CLANG_CXX_LANGUAGE_STANDARD = "gnu++20";
				CLANG_ENABLE_MODULES = YES;
				CLANG_ENABLE_OBJC_ARC = YES;
				CLANG_ENABLE_OBJC_WEAK = YES;
				CLANG_WARN_BLOCK_CAPTURE_AUTORELEASING = YES;
				CLANG_WARN_BOOL_CONVERSION = YES;
				CLANG_WARN_COMMA = YES;
				CLANG_WARN_CONSTANT_CONVERSION = YES;
				CLANG_WARN_DEPRECATED_OBJC_IMPLEMENTATIONS = YES;
				CLANG_WARN_DIRECT_OBJC_ISA_USAGE = YES_ERROR;
				CLANG_WARN_DOCUMENTATION_COMMENTS = YES;
				CLANG_WARN_EMPTY_BODY = YES;
				CLANG_WARN_ENUM_CONVERSION = YES;
				CLANG_WARN_INFINITE_RECURSION = YES;
				CLANG_WARN_INT_CONVERSION = YES;
				CLANG_WARN_NON_LITERAL_NULL_CONVERSION = YES;
				CLANG_WARN_OBJC_IMPLICIT_RETAIN_SELF = YES;
				CLANG_WARN_OBJC_LITERAL_CONVERSION = YES;
				CLANG_WARN_OBJC_ROOT_CLASS = YES_ERROR;
				CLANG_WARN_QUOTED_INCLUDE_IN_FRAMEWORK_HEADER = YES;
				CLANG_WARN_RANGE_LOOP_ANALYSIS = YES;
				CLANG_WARN_STRICT_PROTOTYPES = YES;
				CLANG_WARN_SUSPICIOUS_MOVE = YES;
				CLANG_WARN_UNGUARDED_AVAILABILITY = YES_AGGRESSIVE;
				CLANG_WARN_UNREACHABLE_CODE = YES;
				CLANG_WARN__DUPLICATE_METHOD_MATCH = YES;
				COPY_PHASE_STRIP = NO;
				DEBUG_INFORMATION_FORMAT = "dwarf-with-dsym";
				ENABLE_NS_ASSERTIONS = NO;
				ENABLE_STRICT_OBJC_MSGSEND = YES;
				ENABLE_USER_SCRIPT_SANDBOXING = YES;
				GCC_C_LANGUAGE_STANDARD = gnu17;
				GCC_NO_COMMON_BLOCKS = YES;
				GCC_WARN_64_TO_32_BIT_CONVERSION = YES;
				GCC_WARN_ABOUT_RETURN_TYPE = YES_ERROR;
				GCC_WARN_UNDECLARED_SELECTOR = YES;
				GCC_WARN_UNINITIALIZED_AUTOS = YES_AGGRESSIVE;
				GCC_WARN_UNUSED_FUNCTION = YES;
				GCC_WARN_UNUSED_VARIABLE = YES;
				IPHONEOS_DEPLOYMENT_TARGET = 17.5;
				LOCALIZATION_PREFERS_STRING_CATALOGS = YES;
				MTL_ENABLE_DEBUG_INFO = NO;
				MTL_FAST_MATH = YES;
				SDKROOT = iphoneos;
				SWIFT_COMPILATION_MODE = wholemodule;
				VALIDATE_PRODUCT = YES;
			};
			name = Release;
		};
		DD600D3B2C5D30090044B068 /* Debug */ = {
			isa = XCBuildConfiguration;
			buildSettings = {
				ASSETCATALOG_COMPILER_APPICON_NAME = AppIcon;
				ASSETCATALOG_COMPILER_GLOBAL_ACCENT_COLOR_NAME = AccentColor;
				CODE_SIGN_STYLE = Automatic;
				CURRENT_PROJECT_VERSION = 1;
				DEVELOPMENT_ASSET_PATHS = "\"MamTe/Preview Content\"";
				DEVELOPMENT_TEAM = KS63BW2XYJ;
				ENABLE_PREVIEWS = YES;
				GENERATE_INFOPLIST_FILE = YES;
				INFOPLIST_KEY_UIApplicationSceneManifest_Generation = YES;
				INFOPLIST_KEY_UIApplicationSupportsIndirectInputEvents = YES;
				INFOPLIST_KEY_UILaunchScreen_Generation = YES;
				INFOPLIST_KEY_UISupportedInterfaceOrientations_iPad = "UIInterfaceOrientationPortrait UIInterfaceOrientationPortraitUpsideDown UIInterfaceOrientationLandscapeLeft UIInterfaceOrientationLandscapeRight";
				INFOPLIST_KEY_UISupportedInterfaceOrientations_iPhone = "UIInterfaceOrientationPortrait UIInterfaceOrientationLandscapeLeft UIInterfaceOrientationLandscapeRight";
				LD_RUNPATH_SEARCH_PATHS = (
					"$(inherited)",
					"@executable_path/Frameworks",
				);
				MARKETING_VERSION = 1.0;
				PRODUCT_BUNDLE_IDENTIFIER = com.jkonvicka.MamTe;
				PRODUCT_NAME = "$(TARGET_NAME)";
				SWIFT_EMIT_LOC_STRINGS = YES;
				SWIFT_VERSION = 5.0;
				TARGETED_DEVICE_FAMILY = "1,2";
			};
			name = Debug;
		};
		DD600D3C2C5D30090044B068 /* Release */ = {
			isa = XCBuildConfiguration;
			buildSettings = {
				ASSETCATALOG_COMPILER_APPICON_NAME = AppIcon;
				ASSETCATALOG_COMPILER_GLOBAL_ACCENT_COLOR_NAME = AccentColor;
				CODE_SIGN_STYLE = Automatic;
				CURRENT_PROJECT_VERSION = 1;
				DEVELOPMENT_ASSET_PATHS = "\"MamTe/Preview Content\"";
				DEVELOPMENT_TEAM = KS63BW2XYJ;
				ENABLE_PREVIEWS = YES;
				GENERATE_INFOPLIST_FILE = YES;
				INFOPLIST_KEY_UIApplicationSceneManifest_Generation = YES;
				INFOPLIST_KEY_UIApplicationSupportsIndirectInputEvents = YES;
				INFOPLIST_KEY_UILaunchScreen_Generation = YES;
				INFOPLIST_KEY_UISupportedInterfaceOrientations_iPad = "UIInterfaceOrientationPortrait UIInterfaceOrientationPortraitUpsideDown UIInterfaceOrientationLandscapeLeft UIInterfaceOrientationLandscapeRight";
				INFOPLIST_KEY_UISupportedInterfaceOrientations_iPhone = "UIInterfaceOrientationPortrait UIInterfaceOrientationLandscapeLeft UIInterfaceOrientationLandscapeRight";
				LD_RUNPATH_SEARCH_PATHS = (
					"$(inherited)",
					"@executable_path/Frameworks",
				);
				MARKETING_VERSION = 1.0;
				PRODUCT_BUNDLE_IDENTIFIER = com.jkonvicka.MamTe;
				PRODUCT_NAME = "$(TARGET_NAME)";
				SWIFT_EMIT_LOC_STRINGS = YES;
				SWIFT_VERSION = 5.0;
				TARGETED_DEVICE_FAMILY = "1,2";
			};
			name = Release;
		};
/* End XCBuildConfiguration section */

/* Begin XCConfigurationList section */
		DD600D252C5D30090044B068 /* Build configuration list for PBXProject "MamTe" */ = {
			isa = XCConfigurationList;
			buildConfigurations = (
				DD600D382C5D30090044B068 /* Debug */,
				DD600D392C5D30090044B068 /* Release */,
			);
			defaultConfigurationIsVisible = 0;
			defaultConfigurationName = Release;
		};
		DD600D3A2C5D30090044B068 /* Build configuration list for PBXNativeTarget "MamTe" */ = {
			isa = XCConfigurationList;
			buildConfigurations = (
				DD600D3B2C5D30090044B068 /* Debug */,
				DD600D3C2C5D30090044B068 /* Release */,
			);
			defaultConfigurationIsVisible = 0;
			defaultConfigurationName = Release;
		};
/* End XCConfigurationList section */
	};
	rootObject = DD600D222C5D30090044B068 /* Project object */;
}
